
Microsoft Visual Studio Solution File, Format Version 12.00
# Visual Studio Version 16
VisualStudioVersion = 16.0.30330.147
MinimumVisualStudioVersion = 10.0.40219.1
Project("{FAE04EC0-301F-11D3-BF4B-00C04F79EFBC}") = "Numeroaletra", "Numeroaletra\Numeroaletra.csproj", "{76933E5F-04A5-4A6C-A080-85D38F6A2589}"
EndProject
Global
	GlobalSection(SolutionConfigurationPlatforms) = preSolution
		Debug|Any CPU = Debug|Any CPU
		Release|Any CPU = Release|Any CPU
	EndGlobalSection
	GlobalSection(ProjectConfigurationPlatforms) = postSolution
		{76933E5F-04A5-4A6C-A080-85D38F6A2589}.Debug|Any CPU.ActiveCfg = Debug|Any CPU
		{76933E5F-04A5-4A6C-A080-85D38F6A2589}.Debug|Any CPU.Build.0 = Debug|Any CPU
		{76933E5F-04A5-4A6C-A080-85D38F6A2589}.Release|Any CPU.ActiveCfg = Release|Any CPU
		{76933E5F-04A5-4A6C-A080-85D38F6A2589}.Release|Any CPU.Build.0 = Release|Any CPU
	EndGlobalSection
	GlobalSection(SolutionProperties) = preSolution
		HideSolutionNode = FALSE
	EndGlobalSection
	GlobalSection(ExtensibilityGlobals) = postSolution
		SolutionGuid = {6019D480-FA2E-4DE9-9164-4B730E7034F5}
	EndGlobalSection
EndGlobal
